
Microsoft Visual Studio Solution File, Format Version 12.00
# Visual Studio Version 17
VisualStudioVersion = 17.9.34902.65
MinimumVisualStudioVersion = 10.0.40219.1
Project("{9A19103F-16F7-4668-BE54-9A1E7A4F7556}") = "Api", "Api\Api.csproj", "{B849D6A1-871A-4DFE-8201-C129C28976A7}"
EndProject
Project("{9A19103F-16F7-4668-BE54-9A1E7A4F7556}") = "Business", "Business\Business.csproj", "{0C208CBF-9F55-4C14-A345-F1F3E5925814}"
EndProject
Project("{9A19103F-16F7-4668-BE54-9A1E7A4F7556}") = "Data", "Data\Data.csproj", "{9B143999-F682-4CAF-AE02-0624F21C7A51}"
EndProject
Global
	GlobalSection(SolutionConfigurationPlatforms) = preSolution
		Debug|Any CPU = Debug|Any CPU
		Release|Any CPU = Release|Any CPU
	EndGlobalSection
	GlobalSection(ProjectConfigurationPlatforms) = postSolution
		{B849D6A1-871A-4DFE-8201-C129C28976A7}.Debug|Any CPU.ActiveCfg = Debug|Any CPU
		{B849D6A1-871A-4DFE-8201-C129C28976A7}.Debug|Any CPU.Build.0 = Debug|Any CPU
		{B849D6A1-871A-4DFE-8201-C129C28976A7}.Release|Any CPU.ActiveCfg = Release|Any CPU
		{B849D6A1-871A-4DFE-8201-C129C28976A7}.Release|Any CPU.Build.0 = Release|Any CPU
		{0C208CBF-9F55-4C14-A345-F1F3E5925814}.Debug|Any CPU.ActiveCfg = Debug|Any CPU
		{0C208CBF-9F55-4C14-A345-F1F3E5925814}.Debug|Any CPU.Build.0 = Debug|Any CPU
		{0C208CBF-9F55-4C14-A345-F1F3E5925814}.Release|Any CPU.ActiveCfg = Release|Any CPU
		{0C208CBF-9F55-4C14-A345-F1F3E5925814}.Release|Any CPU.Build.0 = Release|Any CPU
		{9B143999-F682-4CAF-AE02-0624F21C7A51}.Debug|Any CPU.ActiveCfg = Debug|Any CPU
		{9B143999-F682-4CAF-AE02-0624F21C7A51}.Debug|Any CPU.Build.0 = Debug|Any CPU
		{9B143999-F682-4CAF-AE02-0624F21C7A51}.Release|Any CPU.ActiveCfg = Release|Any CPU
		{9B143999-F682-4CAF-AE02-0624F21C7A51}.Release|Any CPU.Build.0 = Release|Any CPU
	EndGlobalSection
	GlobalSection(SolutionProperties) = preSolution
		HideSolutionNode = FALSE
	EndGlobalSection
	GlobalSection(ExtensibilityGlobals) = postSolution
		SolutionGuid = {38F38CF8-FCEE-44E2-BC28-A24F2D3CF64C}
	EndGlobalSection
EndGlobal
